{
  "name": "local-tests",
  "version": "1.0.0",
  "lockfileVersion": 3,
  "requires": true,
  "packages": {
    "": {
      "name": "local-tests",
      "version": "1.0.0",
      "license": "ISC",
      "dependencies": {
        "@telicent-io/rdfservice": "^0.0.14-rc41"
      }
    },
    "node_modules/@telicent-io/rdfservice": {
      "version": "0.0.14-rc49",
      "resolved": "https://npm.pkg.github.com/download/@telicent-io/rdfservice/0.0.14-rc49/49975a477c606c73dec09ac9e159ca845ae910dc",
      "integrity": "sha512-tXCMO1oUbYO36FKkB5GgEa0WxrxPlV1qPr9nlb8gf4hKgPk7HfhmZHir9Rqfj+zgarrcedWqizovFN+4XyOMHw==",
      "license": "Apache-2.0",
      "dependencies": {
        "global": "^4.4.0",
        "pnpm": "^8.15.1",
        "zod": "^3.22.4"
      }
    },
    "node_modules/dom-walk": {
      "version": "0.1.2",
      "resolved": "https://registry.npmjs.org/dom-walk/-/dom-walk-0.1.2.tgz",
      "integrity": "sha512-6QvTW9mrGeIegrFXdtQi9pk7O/nSK6lSdXW2eqUspN5LWD7UTji2Fqw5V2YLjBpHEoU9Xl/eUWNpDeZvoyOv2w=="
    },
    "node_modules/global": {
      "version": "4.4.0",
      "resolved": "https://registry.npmjs.org/global/-/global-4.4.0.tgz",
      "integrity": "sha512-wv/LAoHdRE3BeTGz53FAamhGlPLhlssK45usmGFThIi4XqnBmjKQ16u+RNbP7WvigRZDxUsM0J3gcQ5yicaL0w==",
      "dependencies": {
        "min-document": "^2.19.0",
        "process": "^0.11.10"
      }
    },
    "node_modules/min-document": {
      "version": "2.19.0",
      "resolved": "https://registry.npmjs.org/min-document/-/min-document-2.19.0.tgz",
      "integrity": "sha512-9Wy1B3m3f66bPPmU5hdA4DR4PB2OfDU/+GS3yAB7IQozE3tqXaVv2zOjgla7MEGSRv95+ILmOuvhLkOK6wJtCQ==",
      "dependencies": {
        "dom-walk": "^0.1.0"
      }
    },
    "node_modules/pnpm": {
      "version": "8.15.8",
      "resolved": "https://registry.npmjs.org/pnpm/-/pnpm-8.15.8.tgz",
      "integrity": "sha512-0aAp4aRHrZC8ls1YsPrUhtKZPVMYVjlve6vy2D6xgju4PFo9D8GPZ1stEDIdSesWH+zjb+gTSqWCPs0hX+7Tkg==",
      "bin": {
        "pnpm": "bin/pnpm.cjs",
        "pnpx": "bin/pnpx.cjs"
      },
      "engines": {
        "node": ">=16.14"
      },
      "funding": {
        "url": "https://opencollective.com/pnpm"
      }
    },
    "node_modules/process": {
      "version": "0.11.10",
      "resolved": "https://registry.npmjs.org/process/-/process-0.11.10.tgz",
      "integrity": "sha512-cdGef/drWFoydD1JsMzuFf8100nZl+GT+yacc2bEced5f9Rjk4z+WtFUTBu9PhOi9j/jfmBPu0mMEY4wIdAF8A==",
      "engines": {
        "node": ">= 0.6.0"
      }
    },
    "node_modules/zod": {
      "version": "3.23.6",
      "resolved": "https://registry.npmjs.org/zod/-/zod-3.23.6.tgz",
      "integrity": "sha512-RTHJlZhsRbuA8Hmp/iNL7jnfc4nZishjsanDAfEY1QpDQZCahUp3xDzl+zfweE9BklxMUcgBgS1b7Lvie/ZVwA==",
      "funding": {
        "url": "https://github.com/sponsors/colinhacks"
      }
    }
  }
}
